
Microsoft Visual Studio Solution File, Format Version 12.00
# Visual Studio Version 17
VisualStudioVersion = 17.0.31919.166
MinimumVisualStudioVersion = 10.0.40219.1
Project("{9A19103F-16F7-4668-BE54-9A1E7A4F7556}") = "DataBase", "DataBase\DataBase.csproj", "{A3E24086-B65D-4BA9-A259-940068EEA82F}"
EndProject
Global
	GlobalSection(SolutionConfigurationPlatforms) = preSolution
		Debug|Any CPU = Debug|Any CPU
		Release|Any CPU = Release|Any CPU
	EndGlobalSection
	GlobalSection(ProjectConfigurationPlatforms) = postSolution
		{A3E24086-B65D-4BA9-A259-940068EEA82F}.Debug|Any CPU.ActiveCfg = Debug|Any CPU
		{A3E24086-B65D-4BA9-A259-940068EEA82F}.Debug|Any CPU.Build.0 = Debug|Any CPU
		{A3E24086-B65D-4BA9-A259-940068EEA82F}.Release|Any CPU.ActiveCfg = Release|Any CPU
		{A3E24086-B65D-4BA9-A259-940068EEA82F}.Release|Any CPU.Build.0 = Release|Any CPU
	EndGlobalSection
	GlobalSection(SolutionProperties) = preSolution
		HideSolutionNode = FALSE
	EndGlobalSection
	GlobalSection(ExtensibilityGlobals) = postSolution
		SolutionGuid = {ABD2CA12-DBB9-4AB1-BBAB-41BE235A47B4}
	EndGlobalSection
EndGlobal
